# 서브레포 커밋 잠금 — 릴리스/재현용. scripts/update-versions-lock.ps1로 갱신.
# 형식: <레포>  <origin URL>  <브랜치>  <HEAD SHA>  (갱신시각은 마지막 줄 주석)
it_frontend  https://github.com/gonnabe88/it_frontend      main  200039e6c3e1844d026a1d67365253b58985918e
it_backend   https://github.com/gonnabe88/it_backend       main  40bc50ba828ded32377318a8998d5d32beea28be
it_database  https://github.com/gonnabe88/it_database      main  7579c0c3a0e1766a4eb64f73e8a710faf74bb058
# 갱신시각: 2026-08-09 01:33:58
